
Microsoft Visual Studio Solution File, Format Version 12.00
# Visual Studio Version 16
VisualStudioVersion = 16.0.30621.155
MinimumVisualStudioVersion = 10.0.40219.1
Project("{FAE04EC0-301F-11D3-BF4B-00C04F79EFBC}") = "WebApplication1", "WebApplication1\WebApplication1.csproj", "{6E22D8E9-C8C6-4531-BF01-3B30CFA7C21E}"
EndProject
Global
	GlobalSection(SolutionConfigurationPlatforms) = preSolution
		Debug|Any CPU = Debug|Any CPU
		Release|Any CPU = Release|Any CPU
	EndGlobalSection
	GlobalSection(ProjectConfigurationPlatforms) = postSolution
		{6E22D8E9-C8C6-4531-BF01-3B30CFA7C21E}.Debug|Any CPU.ActiveCfg = Debug|Any CPU
		{6E22D8E9-C8C6-4531-BF01-3B30CFA7C21E}.Debug|Any CPU.Build.0 = Debug|Any CPU
		{6E22D8E9-C8C6-4531-BF01-3B30CFA7C21E}.Release|Any CPU.ActiveCfg = Release|Any CPU
		{6E22D8E9-C8C6-4531-BF01-3B30CFA7C21E}.Release|Any CPU.Build.0 = Release|Any CPU
	EndGlobalSection
	GlobalSection(SolutionProperties) = preSolution
		HideSolutionNode = FALSE
	EndGlobalSection
	GlobalSection(ExtensibilityGlobals) = postSolution
		SolutionGuid = {E6DB4D5B-3E48-423E-A3E5-0A4DF6C07658}
	EndGlobalSection
EndGlobal
